
Microsoft Visual Studio Solution File, Format Version 12.00
# Visual Studio 15
VisualStudioVersion = 15.0.26730.12
MinimumVisualStudioVersion = 10.0.40219.1
Project("{FAE04EC0-301F-11D3-BF4B-00C04F79EFBC}") = "AircraftProject", "AircraftProject\AircraftProject.csproj", "{9C625677-B4CA-4D00-B1D2-36389E6D94BA}"
EndProject
Global
	GlobalSection(SolutionConfigurationPlatforms) = preSolution
		Debug|Any CPU = Debug|Any CPU
		Release|Any CPU = Release|Any CPU
	EndGlobalSection
	GlobalSection(ProjectConfigurationPlatforms) = postSolution
		{9C625677-B4CA-4D00-B1D2-36389E6D94BA}.Debug|Any CPU.ActiveCfg = Debug|Any CPU
		{9C625677-B4CA-4D00-B1D2-36389E6D94BA}.Debug|Any CPU.Build.0 = Debug|Any CPU
		{9C625677-B4CA-4D00-B1D2-36389E6D94BA}.Release|Any CPU.ActiveCfg = Release|Any CPU
		{9C625677-B4CA-4D00-B1D2-36389E6D94BA}.Release|Any CPU.Build.0 = Release|Any CPU
	EndGlobalSection
	GlobalSection(SolutionProperties) = preSolution
		HideSolutionNode = FALSE
	EndGlobalSection
	GlobalSection(ExtensibilityGlobals) = postSolution
		SolutionGuid = {66E50DBC-5ACD-4CFA-8005-C650F2640D6C}
	EndGlobalSection
EndGlobal
