
Microsoft Visual Studio Solution File, Format Version 12.00
# Visual Studio 15
VisualStudioVersion = 15.0.26730.12
MinimumVisualStudioVersion = 10.0.40219.1
Project("{FAE04EC0-301F-11D3-BF4B-00C04F79EFBC}") = "AircraftControlProject", "AircraftControlProject\AircraftControlProject.csproj", "{2B1AF0EB-7F3B-4F27-9A2C-AC5C0B2AD83B}"
EndProject
Global
	GlobalSection(SolutionConfigurationPlatforms) = preSolution
		Debug|Any CPU = Debug|Any CPU
		Release|Any CPU = Release|Any CPU
	EndGlobalSection
	GlobalSection(ProjectConfigurationPlatforms) = postSolution
		{2B1AF0EB-7F3B-4F27-9A2C-AC5C0B2AD83B}.Debug|Any CPU.ActiveCfg = Debug|Any CPU
		{2B1AF0EB-7F3B-4F27-9A2C-AC5C0B2AD83B}.Debug|Any CPU.Build.0 = Debug|Any CPU
		{2B1AF0EB-7F3B-4F27-9A2C-AC5C0B2AD83B}.Release|Any CPU.ActiveCfg = Release|Any CPU
		{2B1AF0EB-7F3B-4F27-9A2C-AC5C0B2AD83B}.Release|Any CPU.Build.0 = Release|Any CPU
	EndGlobalSection
	GlobalSection(SolutionProperties) = preSolution
		HideSolutionNode = FALSE
	EndGlobalSection
	GlobalSection(ExtensibilityGlobals) = postSolution
		SolutionGuid = {FBB56343-D404-4901-8119-6F41584E0F3A}
	EndGlobalSection
EndGlobal
